// !$*UTF8*$!
{
	archiveVersion = 1;
	classes = {
	};
	objectVersion = 46;
	objects = {

/* Begin PBXBuildFile section */
		2F0AC30C1F807E34009B5A1E /* Metal.framework in Frameworks */ = {isa = PBXBuildFile; fileRef = 2F0AC30A1F807E27009B5A1E /* Metal.framework */; };
		2F0AC30D1F807E39009B5A1E /* MetalKit.framework in Frameworks */ = {isa = PBXBuildFile; fileRef = 2F0AC30B1F807E27009B5A1E /* MetalKit.framework */; };
		2F0DB0662204EE670072B7CF /* PNode.cpp in Sources */ = {isa = PBXBuildFile; fileRef = 2F0DB03F2204EE650072B7CF /* PNode.cpp */; };
		2F0DB0672204EE670072B7CF /* PImage_Common.cpp in Sources */ = {isa = PBXBuildFile; fileRef = 2F0DB0402204EE650072B7CF /* PImage_Common.cpp */; };
		2F0DB0682204EE670072B7CF /* PShader_Apple.metal in Sources */ = {isa = PBXBuildFile; fileRef = 2F0DB0412204EE650072B7CF /* PShader_Apple.metal */; };
		2F0DB0692204EE670072B7CF /* PDirectory.cpp in Sources */ = {isa = PBXBuildFile; fileRef = 2F0DB0422204EE650072B7CF /* PDirectory.cpp */; };
		2F0DB06A2204EE670072B7CF /* PXML_Windows.cpp in Sources */ = {isa = PBXBuildFile; fileRef = 2F0DB0442204EE650072B7CF /* PXML_Windows.cpp */; };
		2F0DB06B2204EE670072B7CF /* PFont.cpp in Sources */ = {isa = PBXBuildFile; fileRef = 2F0DB0452204EE650072B7CF /* PFont.cpp */; };
		2F0DB06C2204EE670072B7CF /* PSystem_Apple.mm in Sources */ = {isa = PBXBuildFile; fileRef = 2F0DB0482204EE650072B7CF /* PSystem_Apple.mm */; };
		2F0DB06D2204EE670072B7CF /* PImage_Windows.cpp in Sources */ = {isa = PBXBuildFile; fileRef = 2F0DB04A2204EE650072B7CF /* PImage_Windows.cpp */; };
		2F0DB06E2204EE670072B7CF /* PXML_Apple.mm in Sources */ = {isa = PBXBuildFile; fileRef = 2F0DB04E2204EE650072B7CF /* PXML_Apple.mm */; };
		2F0DB06F2204EE670072B7CF /* PFontResource.cpp in Sources */ = {isa = PBXBuildFile; fileRef = 2F0DB0502204EE650072B7CF /* PFontResource.cpp */; };
		2F0DB0702204EE670072B7CF /* PImage_Apple.mm in Sources */ = {isa = PBXBuildFile; fileRef = 2F0DB0512204EE650072B7CF /* PImage_Apple.mm */; };
		2F0DB0712204EE670072B7CF /* PFile.cpp in Sources */ = {isa = PBXBuildFile; fileRef = 2F0DB0532204EE660072B7CF /* PFile.cpp */; };
		2F0DB0722204EE670072B7CF /* PSystem_Windows.cpp in Sources */ = {isa = PBXBuildFile; fileRef = 2F0DB0552204EE660072B7CF /* PSystem_Windows.cpp */; };
		2F0DB0732204EE670072B7CF /* PArchive_zlib.cpp in Sources */ = {isa = PBXBuildFile; fileRef = 2F0DB0562204EE660072B7CF /* PArchive_zlib.cpp */; };
		2F0DB0742204EE670072B7CF /* PPackage.cpp in Sources */ = {isa = PBXBuildFile; fileRef = 2F0DB0582204EE660072B7CF /* PPackage.cpp */; };
		2F0DB0752204EE670072B7CF /* PString.cpp in Sources */ = {isa = PBXBuildFile; fileRef = 2F0DB05A2204EE660072B7CF /* PString.cpp */; };
		2F0DB0762204EE670072B7CF /* PSystem_Common.cpp in Sources */ = {isa = PBXBuildFile; fileRef = 2F0DB05C2204EE660072B7CF /* PSystem_Common.cpp */; };
		2F0DB0772204EE670072B7CF /* PArchive.cpp in Sources */ = {isa = PBXBuildFile; fileRef = 2F0DB05D2204EE660072B7CF /* PArchive.cpp */; };
		2F47A73E18DB803F0054053B /* OpenGL.framework in Frameworks */ = {isa = PBXBuildFile; fileRef = 2F47A73D18DB803F0054053B /* OpenGL.framework */; };
		2F47A74018DB804E0054053B /* GLKit.framework in Frameworks */ = {isa = PBXBuildFile; fileRef = 2F47A73F18DB804E0054053B /* GLKit.framework */; };
		2F47A74218DB80620054053B /* Cocoa.framework in Frameworks */ = {isa = PBXBuildFile; fileRef = 2F47A74118DB80620054053B /* Cocoa.framework */; };
		2F772BEE168E0D4600A6864F /* Hermes.cpp in Sources */ = {isa = PBXBuildFile; fileRef = 2F772BEB168E0D4600A6864F /* Hermes.cpp */; };
		2F772BEF168E0D4600A6864F /* Main.cpp in Sources */ = {isa = PBXBuildFile; fileRef = 2F772BED168E0D4600A6864F /* Main.cpp */; };
/* End PBXBuildFile section */

/* Begin PBXCopyFilesBuildPhase section */
		2FD7A4BA15B914E500F424E8 /* CopyFiles */ = {
			isa = PBXCopyFilesBuildPhase;
			buildActionMask = 2147483647;
			dstPath = /usr/share/man/man1/;
			dstSubfolderSpec = 0;
			files = (
			);
			runOnlyForDeploymentPostprocessing = 1;
		};
/* End PBXCopyFilesBuildPhase section */

/* Begin PBXFileReference section */
		2F0AC30A1F807E27009B5A1E /* Metal.framework */ = {isa = PBXFileReference; lastKnownFileType = wrapper.framework; name = Metal.framework; path = Platforms/MacOSX.platform/Developer/SDKs/MacOSX.sdk/System/Library/Frameworks/Metal.framework; sourceTree = DEVELOPER_DIR; };
		2F0AC30B1F807E27009B5A1E /* MetalKit.framework */ = {isa = PBXFileReference; lastKnownFileType = wrapper.framework; name = MetalKit.framework; path = Platforms/MacOSX.platform/Developer/SDKs/MacOSX.sdk/System/Library/Frameworks/MetalKit.framework; sourceTree = DEVELOPER_DIR; };
		2F0DB03F2204EE650072B7CF /* PNode.cpp */ = {isa = PBXFileReference; fileEncoding = 4; lastKnownFileType = sourcecode.cpp.cpp; name = PNode.cpp; path = ../Code/PNode.cpp; sourceTree = "<group>"; };
		2F0DB0402204EE650072B7CF /* PImage_Common.cpp */ = {isa = PBXFileReference; fileEncoding = 4; lastKnownFileType = sourcecode.cpp.cpp; name = PImage_Common.cpp; path = ../Code/PImage_Common.cpp; sourceTree = "<group>"; };
		2F0DB0412204EE650072B7CF /* PShader_Apple.metal */ = {isa = PBXFileReference; fileEncoding = 4; lastKnownFileType = sourcecode.metal; name = PShader_Apple.metal; path = ../Code/PShader_Apple.metal; sourceTree = "<group>"; };
		2F0DB0422204EE650072B7CF /* PDirectory.cpp */ = {isa = PBXFileReference; fileEncoding = 4; lastKnownFileType = sourcecode.cpp.cpp; name = PDirectory.cpp; path = ../Code/PDirectory.cpp; sourceTree = "<group>"; };
		2F0DB0432204EE650072B7CF /* PPackage.h */ = {isa = PBXFileReference; fileEncoding = 4; lastKnownFileType = sourcecode.c.h; name = PPackage.h; path = ../Code/PPackage.h; sourceTree = "<group>"; };
		2F0DB0442204EE650072B7CF /* PXML_Windows.cpp */ = {isa = PBXFileReference; fileEncoding = 4; lastKnownFileType = sourcecode.cpp.cpp; name = PXML_Windows.cpp; path = ../Code/PXML_Windows.cpp; sourceTree = "<group>"; };
		2F0DB0452204EE650072B7CF /* PFont.cpp */ = {isa = PBXFileReference; fileEncoding = 4; lastKnownFileType = sourcecode.cpp.cpp; name = PFont.cpp; path = ../Code/PFont.cpp; sourceTree = "<group>"; };
		2F0DB0462204EE650072B7CF /* PRect.h */ = {isa = PBXFileReference; fileEncoding = 4; lastKnownFileType = sourcecode.c.h; name = PRect.h; path = ../Code/PRect.h; sourceTree = "<group>"; };
		2F0DB0472204EE650072B7CF /* PDirectory.h */ = {isa = PBXFileReference; fileEncoding = 4; lastKnownFileType = sourcecode.c.h; name = PDirectory.h; path = ../Code/PDirectory.h; sourceTree = "<group>"; };
		2F0DB0482204EE650072B7CF /* PSystem_Apple.mm */ = {isa = PBXFileReference; fileEncoding = 4; lastKnownFileType = sourcecode.cpp.objcpp; name = PSystem_Apple.mm; path = ../Code/PSystem_Apple.mm; sourceTree = "<group>"; };
		2F0DB0492204EE650072B7CF /* PMutex.h */ = {isa = PBXFileReference; fileEncoding = 4; lastKnownFileType = sourcecode.c.h; name = PMutex.h; path = ../Code/PMutex.h; sourceTree = "<group>"; };
		2F0DB04A2204EE650072B7CF /* PImage_Windows.cpp */ = {isa = PBXFileReference; fileEncoding = 4; lastKnownFileType = sourcecode.cpp.cpp; name = PImage_Windows.cpp; path = ../Code/PImage_Windows.cpp; sourceTree = "<group>"; };
		2F0DB04B2204EE650072B7CF /* PXML.h */ = {isa = PBXFileReference; fileEncoding = 4; lastKnownFileType = sourcecode.c.h; name = PXML.h; path = ../Code/PXML.h; sourceTree = "<group>"; };
		2F0DB04C2204EE650072B7CF /* PFile.h */ = {isa = PBXFileReference; fileEncoding = 4; lastKnownFileType = sourcecode.c.h; name = PFile.h; path = ../Code/PFile.h; sourceTree = "<group>"; };
		2F0DB04D2204EE650072B7CF /* PNode.h */ = {isa = PBXFileReference; fileEncoding = 4; lastKnownFileType = sourcecode.c.h; name = PNode.h; path = ../Code/PNode.h; sourceTree = "<group>"; };
		2F0DB04E2204EE650072B7CF /* PXML_Apple.mm */ = {isa = PBXFileReference; fileEncoding = 4; lastKnownFileType = sourcecode.cpp.objcpp; name = PXML_Apple.mm; path = ../Code/PXML_Apple.mm; sourceTree = "<group>"; };
		2F0DB04F2204EE650072B7CF /* PArchive.h */ = {isa = PBXFileReference; fileEncoding = 4; lastKnownFileType = sourcecode.c.h; name = PArchive.h; path = ../Code/PArchive.h; sourceTree = "<group>"; };
		2F0DB0502204EE650072B7CF /* PFontResource.cpp */ = {isa = PBXFileReference; fileEncoding = 4; lastKnownFileType = sourcecode.cpp.cpp; name = PFontResource.cpp; path = ../Code/PFontResource.cpp; sourceTree = "<group>"; };
		2F0DB0512204EE650072B7CF /* PImage_Apple.mm */ = {isa = PBXFileReference; fileEncoding = 4; lastKnownFileType = sourcecode.cpp.objcpp; name = PImage_Apple.mm; path = ../Code/PImage_Apple.mm; sourceTree = "<group>"; };
		2F0DB0522204EE660072B7CF /* PPlatform.h */ = {isa = PBXFileReference; fileEncoding = 4; lastKnownFileType = sourcecode.c.h; name = PPlatform.h; path = ../Code/PPlatform.h; sourceTree = "<group>"; };
		2F0DB0532204EE660072B7CF /* PFile.cpp */ = {isa = PBXFileReference; fileEncoding = 4; lastKnownFileType = sourcecode.cpp.cpp; name = PFile.cpp; path = ../Code/PFile.cpp; sourceTree = "<group>"; };
		2F0DB0542204EE660072B7CF /* PSize.h */ = {isa = PBXFileReference; fileEncoding = 4; lastKnownFileType = sourcecode.c.h; name = PSize.h; path = ../Code/PSize.h; sourceTree = "<group>"; };
		2F0DB0552204EE660072B7CF /* PSystem_Windows.cpp */ = {isa = PBXFileReference; fileEncoding = 4; lastKnownFileType = sourcecode.cpp.cpp; name = PSystem_Windows.cpp; path = ../Code/PSystem_Windows.cpp; sourceTree = "<group>"; };
		2F0DB0562204EE660072B7CF /* PArchive_zlib.cpp */ = {isa = PBXFileReference; fileEncoding = 4; lastKnownFileType = sourcecode.cpp.cpp; name = PArchive_zlib.cpp; path = ../Code/PArchive_zlib.cpp; sourceTree = "<group>"; };
		2F0DB0572204EE660072B7CF /* PColor.h */ = {isa = PBXFileReference; fileEncoding = 4; lastKnownFileType = sourcecode.c.h; name = PColor.h; path = ../Code/PColor.h; sourceTree = "<group>"; };
		2F0DB0582204EE660072B7CF /* PPackage.cpp */ = {isa = PBXFileReference; fileEncoding = 4; lastKnownFileType = sourcecode.cpp.cpp; name = PPackage.cpp; path = ../Code/PPackage.cpp; sourceTree = "<group>"; };
		2F0DB0592204EE660072B7CF /* PVector.h */ = {isa = PBXFileReference; fileEncoding = 4; lastKnownFileType = sourcecode.c.h; name = PVector.h; path = ../Code/PVector.h; sourceTree = "<group>"; };
		2F0DB05A2204EE660072B7CF /* PString.cpp */ = {isa = PBXFileReference; fileEncoding = 4; lastKnownFileType = sourcecode.cpp.cpp; name = PString.cpp; path = ../Code/PString.cpp; sourceTree = "<group>"; };
		2F0DB05B2204EE660072B7CF /* PString.h */ = {isa = PBXFileReference; fileEncoding = 4; lastKnownFileType = sourcecode.c.h; name = PString.h; path = ../Code/PString.h; sourceTree = "<group>"; };
		2F0DB05C2204EE660072B7CF /* PSystem_Common.cpp */ = {isa = PBXFileReference; fileEncoding = 4; lastKnownFileType = sourcecode.cpp.cpp; name = PSystem_Common.cpp; path = ../Code/PSystem_Common.cpp; sourceTree = "<group>"; };
		2F0DB05D2204EE660072B7CF /* PArchive.cpp */ = {isa = PBXFileReference; fileEncoding = 4; lastKnownFileType = sourcecode.cpp.cpp; name = PArchive.cpp; path = ../Code/PArchive.cpp; sourceTree = "<group>"; };
		2F0DB05E2204EE660072B7CF /* PSystem.h */ = {isa = PBXFileReference; fileEncoding = 4; lastKnownFileType = sourcecode.c.h; name = PSystem.h; path = ../Code/PSystem.h; sourceTree = "<group>"; };
		2F0DB05F2204EE660072B7CF /* PThread.h */ = {isa = PBXFileReference; fileEncoding = 4; lastKnownFileType = sourcecode.c.h; name = PThread.h; path = ../Code/PThread.h; sourceTree = "<group>"; };
		2F0DB0602204EE660072B7CF /* PPoint.h */ = {isa = PBXFileReference; fileEncoding = 4; lastKnownFileType = sourcecode.c.h; name = PPoint.h; path = ../Code/PPoint.h; sourceTree = "<group>"; };
		2F0DB0612204EE660072B7CF /* PImage.h */ = {isa = PBXFileReference; fileEncoding = 4; lastKnownFileType = sourcecode.c.h; name = PImage.h; path = ../Code/PImage.h; sourceTree = "<group>"; };
		2F0DB0622204EE660072B7CF /* PFontResource.h */ = {isa = PBXFileReference; fileEncoding = 4; lastKnownFileType = sourcecode.c.h; name = PFontResource.h; path = ../Code/PFontResource.h; sourceTree = "<group>"; };
		2F0DB0632204EE660072B7CF /* PFont.h */ = {isa = PBXFileReference; fileEncoding = 4; lastKnownFileType = sourcecode.c.h; name = PFont.h; path = ../Code/PFont.h; sourceTree = "<group>"; };
		2F0DB0642204EE660072B7CF /* PArchive_zlib.h */ = {isa = PBXFileReference; fileEncoding = 4; lastKnownFileType = sourcecode.c.h; name = PArchive_zlib.h; path = ../Code/PArchive_zlib.h; sourceTree = "<group>"; };
		2F0DB0652204EE660072B7CF /* Plumb2D.h */ = {isa = PBXFileReference; fileEncoding = 4; lastKnownFileType = sourcecode.c.h; name = Plumb2D.h; path = ../Code/Plumb2D.h; sourceTree = "<group>"; };
		2F47A73D18DB803F0054053B /* OpenGL.framework */ = {isa = PBXFileReference; lastKnownFileType = wrapper.framework; name = OpenGL.framework; path = System/Library/Frameworks/OpenGL.framework; sourceTree = SDKROOT; };
		2F47A73F18DB804E0054053B /* GLKit.framework */ = {isa = PBXFileReference; lastKnownFileType = wrapper.framework; name = GLKit.framework; path = System/Library/Frameworks/GLKit.framework; sourceTree = SDKROOT; };
		2F47A74118DB80620054053B /* Cocoa.framework */ = {isa = PBXFileReference; lastKnownFileType = wrapper.framework; name = Cocoa.framework; path = System/Library/Frameworks/Cocoa.framework; sourceTree = SDKROOT; };
		2F772BEB168E0D4600A6864F /* Hermes.cpp */ = {isa = PBXFileReference; fileEncoding = 4; lastKnownFileType = sourcecode.cpp.cpp; path = Hermes.cpp; sourceTree = "<group>"; };
		2F772BEC168E0D4600A6864F /* Hermes.h */ = {isa = PBXFileReference; fileEncoding = 4; lastKnownFileType = sourcecode.c.h; path = Hermes.h; sourceTree = "<group>"; };
		2F772BED168E0D4600A6864F /* Main.cpp */ = {isa = PBXFileReference; fileEncoding = 4; lastKnownFileType = sourcecode.cpp.cpp; path = Main.cpp; sourceTree = "<group>"; };
		2FD7A4BC15B914E500F424E8 /* Hermes */ = {isa = PBXFileReference; explicitFileType = "compiled.mach-o.executable"; includeInIndex = 0; path = Hermes; sourceTree = BUILT_PRODUCTS_DIR; };
/* End PBXFileReference section */

/* Begin PBXFrameworksBuildPhase section */
		2FD7A4B915B914E500F424E8 /* Frameworks */ = {
			isa = PBXFrameworksBuildPhase;
			buildActionMask = 2147483647;
			files = (
				2F47A74218DB80620054053B /* Cocoa.framework in Frameworks */,
				2F47A74018DB804E0054053B /* GLKit.framework in Frameworks */,
				2F47A73E18DB803F0054053B /* OpenGL.framework in Frameworks */,
				2F0AC30D1F807E39009B5A1E /* MetalKit.framework in Frameworks */,
				2F0AC30C1F807E34009B5A1E /* Metal.framework in Frameworks */,
			);
			runOnlyForDeploymentPostprocessing = 0;
		};
/* End PBXFrameworksBuildPhase section */

/* Begin PBXGroup section */
		2F47A6F018DB7B530054053B /* Plumb2D */ = {
			isa = PBXGroup;
			children = (
				2F0DB0562204EE660072B7CF /* PArchive_zlib.cpp */,
				2F0DB0642204EE660072B7CF /* PArchive_zlib.h */,
				2F0DB05D2204EE660072B7CF /* PArchive.cpp */,
				2F0DB04F2204EE650072B7CF /* PArchive.h */,
				2F0DB0572204EE660072B7CF /* PColor.h */,
				2F0DB0422204EE650072B7CF /* PDirectory.cpp */,
				2F0DB0472204EE650072B7CF /* PDirectory.h */,
				2F0DB0532204EE660072B7CF /* PFile.cpp */,
				2F0DB04C2204EE650072B7CF /* PFile.h */,
				2F0DB0452204EE650072B7CF /* PFont.cpp */,
				2F0DB0632204EE660072B7CF /* PFont.h */,
				2F0DB0502204EE650072B7CF /* PFontResource.cpp */,
				2F0DB0622204EE660072B7CF /* PFontResource.h */,
				2F0DB0512204EE650072B7CF /* PImage_Apple.mm */,
				2F0DB0402204EE650072B7CF /* PImage_Common.cpp */,
				2F0DB04A2204EE650072B7CF /* PImage_Windows.cpp */,
				2F0DB0612204EE660072B7CF /* PImage.h */,
				2F0DB0652204EE660072B7CF /* Plumb2D.h */,
				2F0DB0492204EE650072B7CF /* PMutex.h */,
				2F0DB03F2204EE650072B7CF /* PNode.cpp */,
				2F0DB04D2204EE650072B7CF /* PNode.h */,
				2F0DB0582204EE660072B7CF /* PPackage.cpp */,
				2F0DB0432204EE650072B7CF /* PPackage.h */,
				2F0DB0522204EE660072B7CF /* PPlatform.h */,
				2F0DB0602204EE660072B7CF /* PPoint.h */,
				2F0DB0462204EE650072B7CF /* PRect.h */,
				2F0DB0412204EE650072B7CF /* PShader_Apple.metal */,
				2F0DB0542204EE660072B7CF /* PSize.h */,
				2F0DB05A2204EE660072B7CF /* PString.cpp */,
				2F0DB05B2204EE660072B7CF /* PString.h */,
				2F0DB0482204EE650072B7CF /* PSystem_Apple.mm */,
				2F0DB05C2204EE660072B7CF /* PSystem_Common.cpp */,
				2F0DB0552204EE660072B7CF /* PSystem_Windows.cpp */,
				2F0DB05E2204EE660072B7CF /* PSystem.h */,
				2F0DB05F2204EE660072B7CF /* PThread.h */,
				2F0DB0592204EE660072B7CF /* PVector.h */,
				2F0DB04E2204EE650072B7CF /* PXML_Apple.mm */,
				2F0DB0442204EE650072B7CF /* PXML_Windows.cpp */,
				2F0DB04B2204EE650072B7CF /* PXML.h */,
			);
			name = Plumb2D;
			sourceTree = "<group>";
		};
		2FD7A4B115B914E500F424E8 = {
			isa = PBXGroup;
			children = (
				2F772BEB168E0D4600A6864F /* Hermes.cpp */,
				2F772BEC168E0D4600A6864F /* Hermes.h */,
				2F772BED168E0D4600A6864F /* Main.cpp */,
				2F47A6F018DB7B530054053B /* Plumb2D */,
				2FD7A56615B91D3D00F424E8 /* Frameworks */,
				2FD7A4BD15B914E500F424E8 /* Products */,
			);
			sourceTree = "<group>";
		};
		2FD7A4BD15B914E500F424E8 /* Products */ = {
			isa = PBXGroup;
			children = (
				2FD7A4BC15B914E500F424E8 /* Hermes */,
			);
			name = Products;
			sourceTree = "<group>";
		};
		2FD7A56615B91D3D00F424E8 /* Frameworks */ = {
			isa = PBXGroup;
			children = (
				2F47A74118DB80620054053B /* Cocoa.framework */,
				2F47A73F18DB804E0054053B /* GLKit.framework */,
				2F0AC30A1F807E27009B5A1E /* Metal.framework */,
				2F0AC30B1F807E27009B5A1E /* MetalKit.framework */,
				2F47A73D18DB803F0054053B /* OpenGL.framework */,
			);
			name = Frameworks;
			sourceTree = "<group>";
		};
/* End PBXGroup section */

/* Begin PBXNativeTarget section */
		2FD7A4BB15B914E500F424E8 /* Hermes */ = {
			isa = PBXNativeTarget;
			buildConfigurationList = 2FD7A4C615B914E500F424E8 /* Build configuration list for PBXNativeTarget "Hermes" */;
			buildPhases = (
				2FD7A4B815B914E500F424E8 /* Sources */,
				2FD7A4B915B914E500F424E8 /* Frameworks */,
				2FD7A4BA15B914E500F424E8 /* CopyFiles */,
			);
			buildRules = (
			);
			dependencies = (
			);
			name = Hermes;
			productName = Hermes;
			productReference = 2FD7A4BC15B914E500F424E8 /* Hermes */;
			productType = "com.apple.product-type.tool";
		};
/* End PBXNativeTarget section */

/* Begin PBXProject section */
		2FD7A4B315B914E500F424E8 /* Project object */ = {
			isa = PBXProject;
			attributes = {
				LastUpgradeCheck = 1010;
			};
			buildConfigurationList = 2FD7A4B615B914E500F424E8 /* Build configuration list for PBXProject "Hermes" */;
			compatibilityVersion = "Xcode 3.2";
			developmentRegion = English;
			hasScannedForEncodings = 0;
			knownRegions = (
				en,
			);
			mainGroup = 2FD7A4B115B914E500F424E8;
			productRefGroup = 2FD7A4BD15B914E500F424E8 /* Products */;
			projectDirPath = "";
			projectRoot = "";
			targets = (
				2FD7A4BB15B914E500F424E8 /* Hermes */,
			);
		};
/* End PBXProject section */

/* Begin PBXSourcesBuildPhase section */
		2FD7A4B815B914E500F424E8 /* Sources */ = {
			isa = PBXSourcesBuildPhase;
			buildActionMask = 2147483647;
			files = (
				2F0DB06E2204EE670072B7CF /* PXML_Apple.mm in Sources */,
				2F0DB0692204EE670072B7CF /* PDirectory.cpp in Sources */,
				2F0DB06B2204EE670072B7CF /* PFont.cpp in Sources */,
				2F0DB06D2204EE670072B7CF /* PImage_Windows.cpp in Sources */,
				2F0DB0732204EE670072B7CF /* PArchive_zlib.cpp in Sources */,
				2F0DB0762204EE670072B7CF /* PSystem_Common.cpp in Sources */,
				2F0DB0722204EE670072B7CF /* PSystem_Windows.cpp in Sources */,
				2F772BEE168E0D4600A6864F /* Hermes.cpp in Sources */,
				2F0DB0672204EE670072B7CF /* PImage_Common.cpp in Sources */,
				2F0DB0742204EE670072B7CF /* PPackage.cpp in Sources */,
				2F0DB0662204EE670072B7CF /* PNode.cpp in Sources */,
				2F0DB06C2204EE670072B7CF /* PSystem_Apple.mm in Sources */,
				2F0DB0752204EE670072B7CF /* PString.cpp in Sources */,
				2F0DB06A2204EE670072B7CF /* PXML_Windows.cpp in Sources */,
				2F0DB06F2204EE670072B7CF /* PFontResource.cpp in Sources */,
				2F0DB0702204EE670072B7CF /* PImage_Apple.mm in Sources */,
				2F772BEF168E0D4600A6864F /* Main.cpp in Sources */,
				2F0DB0712204EE670072B7CF /* PFile.cpp in Sources */,
				2F0DB0682204EE670072B7CF /* PShader_Apple.metal in Sources */,
				2F0DB0772204EE670072B7CF /* PArchive.cpp in Sources */,
			);
			runOnlyForDeploymentPostprocessing = 0;
		};
/* End PBXSourcesBuildPhase section */

/* Begin XCBuildConfiguration section */
		2FD7A4C415B914E500F424E8 /* Debug */ = {
			isa = XCBuildConfiguration;
			buildSettings = {
				ALWAYS_SEARCH_USER_PATHS = NO;
				CLANG_WARN_BLOCK_CAPTURE_AUTORELEASING = YES;
				CLANG_WARN_BOOL_CONVERSION = YES;
				CLANG_WARN_COMMA = YES;
				CLANG_WARN_CONSTANT_CONVERSION = YES;
				CLANG_WARN_DEPRECATED_OBJC_IMPLEMENTATIONS = YES;
				CLANG_WARN_EMPTY_BODY = YES;
				CLANG_WARN_ENUM_CONVERSION = YES;
				CLANG_WARN_INFINITE_RECURSION = YES;
				CLANG_WARN_INT_CONVERSION = YES;
				CLANG_WARN_NON_LITERAL_NULL_CONVERSION = YES;
				CLANG_WARN_OBJC_IMPLICIT_RETAIN_SELF = YES;
				CLANG_WARN_OBJC_LITERAL_CONVERSION = YES;
				CLANG_WARN_RANGE_LOOP_ANALYSIS = YES;
				CLANG_WARN_STRICT_PROTOTYPES = YES;
				CLANG_WARN_SUSPICIOUS_MOVE = YES;
				CLANG_WARN_UNREACHABLE_CODE = YES;
				CLANG_WARN__DUPLICATE_METHOD_MATCH = YES;
				COPY_PHASE_STRIP = NO;
				ENABLE_STRICT_OBJC_MSGSEND = YES;
				ENABLE_TESTABILITY = YES;
				GCC_C_LANGUAGE_STANDARD = gnu99;
				GCC_DYNAMIC_NO_PIC = NO;
				GCC_ENABLE_OBJC_EXCEPTIONS = YES;
				GCC_NO_COMMON_BLOCKS = YES;
				GCC_OPTIMIZATION_LEVEL = 0;
				GCC_PREPROCESSOR_DEFINITIONS = (
					"DEBUG=1",
					"$(inherited)",
				);
				GCC_SYMBOLS_PRIVATE_EXTERN = NO;
				GCC_VERSION = com.apple.compilers.llvm.clang.1_0;
				GCC_WARN_64_TO_32_BIT_CONVERSION = YES;
				GCC_WARN_ABOUT_MISSING_PROTOTYPES = YES;
				GCC_WARN_ABOUT_RETURN_TYPE = YES;
				GCC_WARN_UNDECLARED_SELECTOR = YES;
				GCC_WARN_UNINITIALIZED_AUTOS = YES;
				GCC_WARN_UNUSED_FUNCTION = YES;
				GCC_WARN_UNUSED_VARIABLE = YES;
				MACOSX_DEPLOYMENT_TARGET = 10.9;
				ONLY_ACTIVE_ARCH = YES;
				SDKROOT = macosx;
			};
			name = Debug;
		};
		2FD7A4C515B914E500F424E8 /* Release */ = {
			isa = XCBuildConfiguration;
			buildSettings = {
				ALWAYS_SEARCH_USER_PATHS = NO;
				CLANG_WARN_BLOCK_CAPTURE_AUTORELEASING = YES;
				CLANG_WARN_BOOL_CONVERSION = YES;
				CLANG_WARN_COMMA = YES;
				CLANG_WARN_CONSTANT_CONVERSION = YES;
				CLANG_WARN_DEPRECATED_OBJC_IMPLEMENTATIONS = YES;
				CLANG_WARN_EMPTY_BODY = YES;
				CLANG_WARN_ENUM_CONVERSION = YES;
				CLANG_WARN_INFINITE_RECURSION = YES;
				CLANG_WARN_INT_CONVERSION = YES;
				CLANG_WARN_NON_LITERAL_NULL_CONVERSION = YES;
				CLANG_WARN_OBJC_IMPLICIT_RETAIN_SELF = YES;
				CLANG_WARN_OBJC_LITERAL_CONVERSION = YES;
				CLANG_WARN_RANGE_LOOP_ANALYSIS = YES;
				CLANG_WARN_STRICT_PROTOTYPES = YES;
				CLANG_WARN_SUSPICIOUS_MOVE = YES;
				CLANG_WARN_UNREACHABLE_CODE = YES;
				CLANG_WARN__DUPLICATE_METHOD_MATCH = YES;
				COPY_PHASE_STRIP = YES;
				DEBUG_INFORMATION_FORMAT = "dwarf-with-dsym";
				ENABLE_STRICT_OBJC_MSGSEND = YES;
				GCC_C_LANGUAGE_STANDARD = gnu99;
				GCC_ENABLE_OBJC_EXCEPTIONS = YES;
				GCC_NO_COMMON_BLOCKS = YES;
				GCC_VERSION = com.apple.compilers.llvm.clang.1_0;
				GCC_WARN_64_TO_32_BIT_CONVERSION = YES;
				GCC_WARN_ABOUT_MISSING_PROTOTYPES = YES;
				GCC_WARN_ABOUT_RETURN_TYPE = YES;
				GCC_WARN_UNDECLARED_SELECTOR = YES;
				GCC_WARN_UNINITIALIZED_AUTOS = YES;
				GCC_WARN_UNUSED_FUNCTION = YES;
				GCC_WARN_UNUSED_VARIABLE = YES;
				MACOSX_DEPLOYMENT_TARGET = 10.9;
				SDKROOT = macosx;
			};
			name = Release;
		};
		2FD7A4C715B914E500F424E8 /* Debug */ = {
			isa = XCBuildConfiguration;
			buildSettings = {
				CLANG_ENABLE_OBJC_WEAK = YES;
				PRODUCT_NAME = "$(TARGET_NAME)";
			};
			name = Debug;
		};
		2FD7A4C815B914E500F424E8 /* Release */ = {
			isa = XCBuildConfiguration;
			buildSettings = {
				CLANG_ENABLE_OBJC_WEAK = YES;
				PRODUCT_NAME = "$(TARGET_NAME)";
			};
			name = Release;
		};
/* End XCBuildConfiguration section */

/* Begin XCConfigurationList section */
		2FD7A4B615B914E500F424E8 /* Build configuration list for PBXProject "Hermes" */ = {
			isa = XCConfigurationList;
			buildConfigurations = (
				2FD7A4C415B914E500F424E8 /* Debug */,
				2FD7A4C515B914E500F424E8 /* Release */,
			);
			defaultConfigurationIsVisible = 0;
			defaultConfigurationName = Release;
		};
		2FD7A4C615B914E500F424E8 /* Build configuration list for PBXNativeTarget "Hermes" */ = {
			isa = XCConfigurationList;
			buildConfigurations = (
				2FD7A4C715B914E500F424E8 /* Debug */,
				2FD7A4C815B914E500F424E8 /* Release */,
			);
			defaultConfigurationIsVisible = 0;
			defaultConfigurationName = Release;
		};
/* End XCConfigurationList section */
	};
	rootObject = 2FD7A4B315B914E500F424E8 /* Project object */;
}
