// !$*UTF8*$!
{
	archiveVersion = 1;
	classes = {
	};
	objectVersion = 46;
	objects = {

/* Begin PBXBuildFile section */
		2F0AC30C1F807E34009B5A1E /* Metal.framework in Frameworks */ = {isa = PBXBuildFile; fileRef = 2F0AC30A1F807E27009B5A1E /* Metal.framework */; };
		2F0AC30D1F807E39009B5A1E /* MetalKit.framework in Frameworks */ = {isa = PBXBuildFile; fileRef = 2F0AC30B1F807E27009B5A1E /* MetalKit.framework */; };
		2F1DC26E2282925400246153 /* GPackage.cpp in Sources */ = {isa = PBXBuildFile; fileRef = 2F1DC2552282925400246153 /* GPackage.cpp */; };
		2F1DC2752282925400246153 /* GImage_Apple.mm in Sources */ = {isa = PBXBuildFile; fileRef = 2F1DC2602282925400246153 /* GImage_Apple.mm */; };
		2F1DC2772282925400246153 /* GFont.cpp in Sources */ = {isa = PBXBuildFile; fileRef = 2F1DC2622282925400246153 /* GFont.cpp */; };
		2F1DC27A2282925400246153 /* GXML_Apple.mm in Sources */ = {isa = PBXBuildFile; fileRef = 2F1DC2662282925400246153 /* GXML_Apple.mm */; };
		2F1DC27D2282925400246153 /* GTypes.cpp in Sources */ = {isa = PBXBuildFile; fileRef = 2F1DC26D2282925400246153 /* GTypes.cpp */; };
		2F47A74218DB80620054053B /* Cocoa.framework in Frameworks */ = {isa = PBXBuildFile; fileRef = 2F47A74118DB80620054053B /* Cocoa.framework */; };
		2F56F1E8291EEAAA00B30349 /* GSound_OpenAL.cpp in Sources */ = {isa = PBXBuildFile; fileRef = 2F56F1E7291EEAAA00B30349 /* GSound_OpenAL.cpp */; };
		2F56F1EC291EEADB00B30349 /* GSystem_Apple.mm in Sources */ = {isa = PBXBuildFile; fileRef = 2F56F1E9291EEADB00B30349 /* GSystem_Apple.mm */; };
		2F56F1ED291EEADB00B30349 /* GSystem_Common.cpp in Sources */ = {isa = PBXBuildFile; fileRef = 2F56F1EA291EEADB00B30349 /* GSystem_Common.cpp */; };
		2F56F1EF291EEB1600B30349 /* OpenAL.framework in Frameworks */ = {isa = PBXBuildFile; fileRef = 2F56F1EE291EEB1600B30349 /* OpenAL.framework */; };
		2F772BEE168E0D4600A6864F /* Hermes.cpp in Sources */ = {isa = PBXBuildFile; fileRef = 2F772BEB168E0D4600A6864F /* Hermes.cpp */; };
		2F772BEF168E0D4600A6864F /* Main.cpp in Sources */ = {isa = PBXBuildFile; fileRef = 2F772BED168E0D4600A6864F /* Main.cpp */; };
		2F9C467B2224688500CB7CDC /* AVFoundation.framework in Frameworks */ = {isa = PBXBuildFile; fileRef = 2F9C467A2224688500CB7CDC /* AVFoundation.framework */; };
		2F9C467D2224688E00CB7CDC /* libz.tbd in Frameworks */ = {isa = PBXBuildFile; fileRef = 2F9C467C2224688E00CB7CDC /* libz.tbd */; };
/* End PBXBuildFile section */

/* Begin PBXCopyFilesBuildPhase section */
		2FD7A4BA15B914E500F424E8 /* CopyFiles */ = {
			isa = PBXCopyFilesBuildPhase;
			buildActionMask = 2147483647;
			dstPath = /usr/share/man/man1/;
			dstSubfolderSpec = 0;
			files = (
			);
			runOnlyForDeploymentPostprocessing = 1;
		};
/* End PBXCopyFilesBuildPhase section */

/* Begin PBXFileReference section */
		2F0AC30A1F807E27009B5A1E /* Metal.framework */ = {isa = PBXFileReference; lastKnownFileType = wrapper.framework; name = Metal.framework; path = Platforms/MacOSX.platform/Developer/SDKs/MacOSX.sdk/System/Library/Frameworks/Metal.framework; sourceTree = DEVELOPER_DIR; };
		2F0AC30B1F807E27009B5A1E /* MetalKit.framework */ = {isa = PBXFileReference; lastKnownFileType = wrapper.framework; name = MetalKit.framework; path = Platforms/MacOSX.platform/Developer/SDKs/MacOSX.sdk/System/Library/Frameworks/MetalKit.framework; sourceTree = DEVELOPER_DIR; };
		2F1DC2552282925400246153 /* GPackage.cpp */ = {isa = PBXFileReference; fileEncoding = 4; lastKnownFileType = sourcecode.cpp.cpp; name = GPackage.cpp; path = ../Code/GPackage.cpp; sourceTree = "<group>"; };
		2F1DC2572282925400246153 /* GSystem_Apple.mm */ = {isa = PBXFileReference; fileEncoding = 4; lastKnownFileType = sourcecode.cpp.objcpp; name = GSystem_Apple.mm; path = ../Code/GSystem_Apple.mm; sourceTree = "<group>"; };
		2F1DC2582282925400246153 /* GTypes.h */ = {isa = PBXFileReference; fileEncoding = 4; lastKnownFileType = sourcecode.c.h; name = GTypes.h; path = ../Code/GTypes.h; sourceTree = "<group>"; };
		2F1DC25B2282925400246153 /* GPackage.h */ = {isa = PBXFileReference; fileEncoding = 4; lastKnownFileType = sourcecode.c.h; name = GPackage.h; path = ../Code/GPackage.h; sourceTree = "<group>"; };
		2F1DC25C2282925400246153 /* GSound.h */ = {isa = PBXFileReference; fileEncoding = 4; lastKnownFileType = sourcecode.c.h; name = GSound.h; path = ../Code/GSound.h; sourceTree = "<group>"; };
		2F1DC2602282925400246153 /* GImage_Apple.mm */ = {isa = PBXFileReference; fileEncoding = 4; lastKnownFileType = sourcecode.cpp.objcpp; name = GImage_Apple.mm; path = ../Code/GImage_Apple.mm; sourceTree = "<group>"; };
		2F1DC2622282925400246153 /* GFont.cpp */ = {isa = PBXFileReference; fileEncoding = 4; lastKnownFileType = sourcecode.cpp.cpp; name = GFont.cpp; path = ../Code/GFont.cpp; sourceTree = "<group>"; };
		2F1DC2632282925400246153 /* GFont.h */ = {isa = PBXFileReference; fileEncoding = 4; lastKnownFileType = sourcecode.c.h; name = GFont.h; path = ../Code/GFont.h; sourceTree = "<group>"; };
		2F1DC2662282925400246153 /* GXML_Apple.mm */ = {isa = PBXFileReference; fileEncoding = 4; lastKnownFileType = sourcecode.cpp.objcpp; name = GXML_Apple.mm; path = ../Code/GXML_Apple.mm; sourceTree = "<group>"; };
		2F1DC2682282925400246153 /* GImage.h */ = {isa = PBXFileReference; fileEncoding = 4; lastKnownFileType = sourcecode.c.h; name = GImage.h; path = ../Code/GImage.h; sourceTree = "<group>"; };
		2F1DC26A2282925400246153 /* GXML.h */ = {isa = PBXFileReference; fileEncoding = 4; lastKnownFileType = sourcecode.c.h; name = GXML.h; path = ../Code/GXML.h; sourceTree = "<group>"; };
		2F1DC26D2282925400246153 /* GTypes.cpp */ = {isa = PBXFileReference; fileEncoding = 4; lastKnownFileType = sourcecode.cpp.cpp; name = GTypes.cpp; path = ../Code/GTypes.cpp; sourceTree = "<group>"; };
		2F47A73D18DB803F0054053B /* OpenGL.framework */ = {isa = PBXFileReference; lastKnownFileType = wrapper.framework; name = OpenGL.framework; path = System/Library/Frameworks/OpenGL.framework; sourceTree = SDKROOT; };
		2F47A73F18DB804E0054053B /* GLKit.framework */ = {isa = PBXFileReference; lastKnownFileType = wrapper.framework; name = GLKit.framework; path = System/Library/Frameworks/GLKit.framework; sourceTree = SDKROOT; };
		2F47A74118DB80620054053B /* Cocoa.framework */ = {isa = PBXFileReference; lastKnownFileType = wrapper.framework; name = Cocoa.framework; path = System/Library/Frameworks/Cocoa.framework; sourceTree = SDKROOT; };
		2F56F1E7291EEAAA00B30349 /* GSound_OpenAL.cpp */ = {isa = PBXFileReference; fileEncoding = 4; lastKnownFileType = sourcecode.cpp.cpp; name = GSound_OpenAL.cpp; path = ../Code/GSound_OpenAL.cpp; sourceTree = "<group>"; };
		2F56F1E9291EEADB00B30349 /* GSystem_Apple.mm */ = {isa = PBXFileReference; fileEncoding = 4; lastKnownFileType = sourcecode.cpp.objcpp; name = GSystem_Apple.mm; path = ../Code/GSystem_Apple.mm; sourceTree = "<group>"; };
		2F56F1EA291EEADB00B30349 /* GSystem_Common.cpp */ = {isa = PBXFileReference; fileEncoding = 4; lastKnownFileType = sourcecode.cpp.cpp; name = GSystem_Common.cpp; path = ../Code/GSystem_Common.cpp; sourceTree = "<group>"; };
		2F56F1EB291EEADB00B30349 /* GSystem.h */ = {isa = PBXFileReference; fileEncoding = 4; lastKnownFileType = sourcecode.c.h; name = GSystem.h; path = ../Code/GSystem.h; sourceTree = "<group>"; };
		2F56F1EE291EEB1600B30349 /* OpenAL.framework */ = {isa = PBXFileReference; lastKnownFileType = wrapper.framework; name = OpenAL.framework; path = System/Library/Frameworks/OpenAL.framework; sourceTree = SDKROOT; };
		2F772BEB168E0D4600A6864F /* Hermes.cpp */ = {isa = PBXFileReference; fileEncoding = 4; lastKnownFileType = sourcecode.cpp.cpp; path = Hermes.cpp; sourceTree = "<group>"; };
		2F772BEC168E0D4600A6864F /* Hermes.h */ = {isa = PBXFileReference; fileEncoding = 4; lastKnownFileType = sourcecode.c.h; path = Hermes.h; sourceTree = "<group>"; };
		2F772BED168E0D4600A6864F /* Main.cpp */ = {isa = PBXFileReference; fileEncoding = 4; lastKnownFileType = sourcecode.cpp.cpp; path = Main.cpp; sourceTree = "<group>"; };
		2F9C467A2224688500CB7CDC /* AVFoundation.framework */ = {isa = PBXFileReference; lastKnownFileType = wrapper.framework; name = AVFoundation.framework; path = System/Library/Frameworks/AVFoundation.framework; sourceTree = SDKROOT; };
		2F9C467C2224688E00CB7CDC /* libz.tbd */ = {isa = PBXFileReference; lastKnownFileType = "sourcecode.text-based-dylib-definition"; name = libz.tbd; path = usr/lib/libz.tbd; sourceTree = SDKROOT; };
		2FD7A4BC15B914E500F424E8 /* Hermes */ = {isa = PBXFileReference; explicitFileType = "compiled.mach-o.executable"; includeInIndex = 0; path = Hermes; sourceTree = BUILT_PRODUCTS_DIR; };
/* End PBXFileReference section */

/* Begin PBXFrameworksBuildPhase section */
		2FD7A4B915B914E500F424E8 /* Frameworks */ = {
			isa = PBXFrameworksBuildPhase;
			buildActionMask = 2147483647;
			files = (
				2F9C467D2224688E00CB7CDC /* libz.tbd in Frameworks */,
				2F9C467B2224688500CB7CDC /* AVFoundation.framework in Frameworks */,
				2F47A74218DB80620054053B /* Cocoa.framework in Frameworks */,
				2F56F1EF291EEB1600B30349 /* OpenAL.framework in Frameworks */,
				2F0AC30D1F807E39009B5A1E /* MetalKit.framework in Frameworks */,
				2F0AC30C1F807E34009B5A1E /* Metal.framework in Frameworks */,
			);
			runOnlyForDeploymentPostprocessing = 0;
		};
/* End PBXFrameworksBuildPhase section */

/* Begin PBXGroup section */
		2F47A6F018DB7B530054053B /* Game API */ = {
			isa = PBXGroup;
			children = (
				2F1DC2622282925400246153 /* GFont.cpp */,
				2F1DC2632282925400246153 /* GFont.h */,
				2F1DC2602282925400246153 /* GImage_Apple.mm */,
				2F1DC2682282925400246153 /* GImage.h */,
				2F1DC2552282925400246153 /* GPackage.cpp */,
				2F1DC25B2282925400246153 /* GPackage.h */,
				2F56F1E7291EEAAA00B30349 /* GSound_OpenAL.cpp */,
				2F1DC25C2282925400246153 /* GSound.h */,
				2F1DC2572282925400246153 /* GSystem_Apple.mm */,
				2F56F1EA291EEADB00B30349 /* GSystem_Common.cpp */,
				2F56F1EB291EEADB00B30349 /* GSystem.h */,
				2F1DC26D2282925400246153 /* GTypes.cpp */,
				2F1DC2582282925400246153 /* GTypes.h */,
				2F1DC2662282925400246153 /* GXML_Apple.mm */,
				2F1DC26A2282925400246153 /* GXML.h */,
				2F56F1E9291EEADB00B30349 /* GSystem_Apple.mm */,
			);
			name = "Game API";
			sourceTree = "<group>";
		};
		2FD7A4B115B914E500F424E8 = {
			isa = PBXGroup;
			children = (
				2F772BEB168E0D4600A6864F /* Hermes.cpp */,
				2F772BEC168E0D4600A6864F /* Hermes.h */,
				2F772BED168E0D4600A6864F /* Main.cpp */,
				2F47A6F018DB7B530054053B /* Game API */,
				2FD7A56615B91D3D00F424E8 /* Frameworks */,
				2FD7A4BD15B914E500F424E8 /* Products */,
			);
			sourceTree = "<group>";
		};
		2FD7A4BD15B914E500F424E8 /* Products */ = {
			isa = PBXGroup;
			children = (
				2FD7A4BC15B914E500F424E8 /* Hermes */,
			);
			name = Products;
			sourceTree = "<group>";
		};
		2FD7A56615B91D3D00F424E8 /* Frameworks */ = {
			isa = PBXGroup;
			children = (
				2F56F1EE291EEB1600B30349 /* OpenAL.framework */,
				2F9C467C2224688E00CB7CDC /* libz.tbd */,
				2F9C467A2224688500CB7CDC /* AVFoundation.framework */,
				2F47A74118DB80620054053B /* Cocoa.framework */,
				2F47A73F18DB804E0054053B /* GLKit.framework */,
				2F0AC30A1F807E27009B5A1E /* Metal.framework */,
				2F0AC30B1F807E27009B5A1E /* MetalKit.framework */,
				2F47A73D18DB803F0054053B /* OpenGL.framework */,
			);
			name = Frameworks;
			sourceTree = "<group>";
		};
/* End PBXGroup section */

/* Begin PBXNativeTarget section */
		2FD7A4BB15B914E500F424E8 /* Hermes */ = {
			isa = PBXNativeTarget;
			buildConfigurationList = 2FD7A4C615B914E500F424E8 /* Build configuration list for PBXNativeTarget "Hermes" */;
			buildPhases = (
				2FD7A4B815B914E500F424E8 /* Sources */,
				2FD7A4B915B914E500F424E8 /* Frameworks */,
				2FD7A4BA15B914E500F424E8 /* CopyFiles */,
			);
			buildRules = (
			);
			dependencies = (
			);
			name = Hermes;
			productName = Hermes;
			productReference = 2FD7A4BC15B914E500F424E8 /* Hermes */;
			productType = "com.apple.product-type.tool";
		};
/* End PBXNativeTarget section */

/* Begin PBXProject section */
		2FD7A4B315B914E500F424E8 /* Project object */ = {
			isa = PBXProject;
			attributes = {
				LastUpgradeCheck = 1410;
			};
			buildConfigurationList = 2FD7A4B615B914E500F424E8 /* Build configuration list for PBXProject "Hermes" */;
			compatibilityVersion = "Xcode 3.2";
			developmentRegion = en;
			hasScannedForEncodings = 0;
			knownRegions = (
				en,
				Base,
			);
			mainGroup = 2FD7A4B115B914E500F424E8;
			productRefGroup = 2FD7A4BD15B914E500F424E8 /* Products */;
			projectDirPath = "";
			projectRoot = "";
			targets = (
				2FD7A4BB15B914E500F424E8 /* Hermes */,
			);
		};
/* End PBXProject section */

/* Begin PBXSourcesBuildPhase section */
		2FD7A4B815B914E500F424E8 /* Sources */ = {
			isa = PBXSourcesBuildPhase;
			buildActionMask = 2147483647;
			files = (
				2F1DC2772282925400246153 /* GFont.cpp in Sources */,
				2F56F1EC291EEADB00B30349 /* GSystem_Apple.mm in Sources */,
				2F1DC2752282925400246153 /* GImage_Apple.mm in Sources */,
				2F772BEE168E0D4600A6864F /* Hermes.cpp in Sources */,
				2F56F1E8291EEAAA00B30349 /* GSound_OpenAL.cpp in Sources */,
				2F1DC26E2282925400246153 /* GPackage.cpp in Sources */,
				2F1DC27D2282925400246153 /* GTypes.cpp in Sources */,
				2F1DC27A2282925400246153 /* GXML_Apple.mm in Sources */,
				2F772BEF168E0D4600A6864F /* Main.cpp in Sources */,
				2F56F1ED291EEADB00B30349 /* GSystem_Common.cpp in Sources */,
			);
			runOnlyForDeploymentPostprocessing = 0;
		};
/* End PBXSourcesBuildPhase section */

/* Begin XCBuildConfiguration section */
		2FD7A4C415B914E500F424E8 /* Debug */ = {
			isa = XCBuildConfiguration;
			buildSettings = {
				ALWAYS_SEARCH_USER_PATHS = NO;
				CLANG_ANALYZER_LOCALIZABILITY_NONLOCALIZED = YES;
				CLANG_WARN_BLOCK_CAPTURE_AUTORELEASING = YES;
				CLANG_WARN_BOOL_CONVERSION = YES;
				CLANG_WARN_COMMA = YES;
				CLANG_WARN_CONSTANT_CONVERSION = YES;
				CLANG_WARN_DEPRECATED_OBJC_IMPLEMENTATIONS = YES;
				CLANG_WARN_EMPTY_BODY = YES;
				CLANG_WARN_ENUM_CONVERSION = YES;
				CLANG_WARN_INFINITE_RECURSION = YES;
				CLANG_WARN_INT_CONVERSION = YES;
				CLANG_WARN_NON_LITERAL_NULL_CONVERSION = YES;
				CLANG_WARN_OBJC_IMPLICIT_RETAIN_SELF = YES;
				CLANG_WARN_OBJC_LITERAL_CONVERSION = YES;
				CLANG_WARN_QUOTED_INCLUDE_IN_FRAMEWORK_HEADER = YES;
				CLANG_WARN_RANGE_LOOP_ANALYSIS = YES;
				CLANG_WARN_STRICT_PROTOTYPES = YES;
				CLANG_WARN_SUSPICIOUS_MOVE = YES;
				CLANG_WARN_UNREACHABLE_CODE = YES;
				CLANG_WARN__DUPLICATE_METHOD_MATCH = YES;
				COPY_PHASE_STRIP = NO;
				DEAD_CODE_STRIPPING = YES;
				ENABLE_STRICT_OBJC_MSGSEND = YES;
				ENABLE_TESTABILITY = YES;
				GCC_DYNAMIC_NO_PIC = NO;
				GCC_ENABLE_OBJC_EXCEPTIONS = YES;
				GCC_NO_COMMON_BLOCKS = YES;
				GCC_OPTIMIZATION_LEVEL = 0;
				GCC_PREPROCESSOR_DEFINITIONS = (
					"DEBUG=1",
					"$(inherited)",
				);
				GCC_SYMBOLS_PRIVATE_EXTERN = NO;
				GCC_VERSION = com.apple.compilers.llvm.clang.1_0;
				GCC_WARN_64_TO_32_BIT_CONVERSION = YES;
				GCC_WARN_ABOUT_MISSING_PROTOTYPES = YES;
				GCC_WARN_ABOUT_RETURN_TYPE = YES;
				GCC_WARN_UNDECLARED_SELECTOR = YES;
				GCC_WARN_UNINITIALIZED_AUTOS = YES;
				GCC_WARN_UNUSED_FUNCTION = YES;
				GCC_WARN_UNUSED_VARIABLE = YES;
				MACOSX_DEPLOYMENT_TARGET = "$(RECOMMENDED_MACOSX_DEPLOYMENT_TARGET)";
				ONLY_ACTIVE_ARCH = YES;
				SDKROOT = macosx;
			};
			name = Debug;
		};
		2FD7A4C515B914E500F424E8 /* Release */ = {
			isa = XCBuildConfiguration;
			buildSettings = {
				ALWAYS_SEARCH_USER_PATHS = NO;
				CLANG_ANALYZER_LOCALIZABILITY_NONLOCALIZED = YES;
				CLANG_WARN_BLOCK_CAPTURE_AUTORELEASING = YES;
				CLANG_WARN_BOOL_CONVERSION = YES;
				CLANG_WARN_COMMA = YES;
				CLANG_WARN_CONSTANT_CONVERSION = YES;
				CLANG_WARN_DEPRECATED_OBJC_IMPLEMENTATIONS = YES;
				CLANG_WARN_EMPTY_BODY = YES;
				CLANG_WARN_ENUM_CONVERSION = YES;
				CLANG_WARN_INFINITE_RECURSION = YES;
				CLANG_WARN_INT_CONVERSION = YES;
				CLANG_WARN_NON_LITERAL_NULL_CONVERSION = YES;
				CLANG_WARN_OBJC_IMPLICIT_RETAIN_SELF = YES;
				CLANG_WARN_OBJC_LITERAL_CONVERSION = YES;
				CLANG_WARN_QUOTED_INCLUDE_IN_FRAMEWORK_HEADER = YES;
				CLANG_WARN_RANGE_LOOP_ANALYSIS = YES;
				CLANG_WARN_STRICT_PROTOTYPES = YES;
				CLANG_WARN_SUSPICIOUS_MOVE = YES;
				CLANG_WARN_UNREACHABLE_CODE = YES;
				CLANG_WARN__DUPLICATE_METHOD_MATCH = YES;
				COPY_PHASE_STRIP = YES;
				DEAD_CODE_STRIPPING = YES;
				DEBUG_INFORMATION_FORMAT = "dwarf-with-dsym";
				ENABLE_STRICT_OBJC_MSGSEND = YES;
				GCC_ENABLE_OBJC_EXCEPTIONS = YES;
				GCC_NO_COMMON_BLOCKS = YES;
				GCC_VERSION = com.apple.compilers.llvm.clang.1_0;
				GCC_WARN_64_TO_32_BIT_CONVERSION = YES;
				GCC_WARN_ABOUT_MISSING_PROTOTYPES = YES;
				GCC_WARN_ABOUT_RETURN_TYPE = YES;
				GCC_WARN_UNDECLARED_SELECTOR = YES;
				GCC_WARN_UNINITIALIZED_AUTOS = YES;
				GCC_WARN_UNUSED_FUNCTION = YES;
				GCC_WARN_UNUSED_VARIABLE = YES;
				MACOSX_DEPLOYMENT_TARGET = "$(RECOMMENDED_MACOSX_DEPLOYMENT_TARGET)";
				SDKROOT = macosx;
			};
			name = Release;
		};
		2FD7A4C715B914E500F424E8 /* Debug */ = {
			isa = XCBuildConfiguration;
			buildSettings = {
				CLANG_ENABLE_OBJC_WEAK = YES;
				CODE_SIGN_IDENTITY = "-";
				DEAD_CODE_STRIPPING = YES;
				MACOSX_DEPLOYMENT_TARGET = "$(RECOMMENDED_MACOSX_DEPLOYMENT_TARGET)";
				PRODUCT_NAME = "$(TARGET_NAME)";
			};
			name = Debug;
		};
		2FD7A4C815B914E500F424E8 /* Release */ = {
			isa = XCBuildConfiguration;
			buildSettings = {
				CLANG_ENABLE_OBJC_WEAK = YES;
				CODE_SIGN_IDENTITY = "-";
				DEAD_CODE_STRIPPING = YES;
				MACOSX_DEPLOYMENT_TARGET = "$(RECOMMENDED_MACOSX_DEPLOYMENT_TARGET)";
				PRODUCT_NAME = "$(TARGET_NAME)";
			};
			name = Release;
		};
/* End XCBuildConfiguration section */

/* Begin XCConfigurationList section */
		2FD7A4B615B914E500F424E8 /* Build configuration list for PBXProject "Hermes" */ = {
			isa = XCConfigurationList;
			buildConfigurations = (
				2FD7A4C415B914E500F424E8 /* Debug */,
				2FD7A4C515B914E500F424E8 /* Release */,
			);
			defaultConfigurationIsVisible = 0;
			defaultConfigurationName = Release;
		};
		2FD7A4C615B914E500F424E8 /* Build configuration list for PBXNativeTarget "Hermes" */ = {
			isa = XCConfigurationList;
			buildConfigurations = (
				2FD7A4C715B914E500F424E8 /* Debug */,
				2FD7A4C815B914E500F424E8 /* Release */,
			);
			defaultConfigurationIsVisible = 0;
			defaultConfigurationName = Release;
		};
/* End XCConfigurationList section */
	};
	rootObject = 2FD7A4B315B914E500F424E8 /* Project object */;
}
